
Microsoft Visual Studio Solution File, Format Version 12.00
# Visual Studio Version 17
VisualStudioVersion = 17.4.32916.344
MinimumVisualStudioVersion = 10.0.40219.1
Project("{9A19103F-16F7-4668-BE54-9A1E7A4F7556}") = "app_center_dotnet_maui", "app_center_dotnet_maui\app_center_dotnet_maui.csproj", "{5DBC2C87-4673-4E40-AD3C-25C00805C6F6}"
EndProject
Project("{2150E333-8FDC-42A3-9474-1A3956D46DE8}") = "Projektmappenelemente", "Projektmappenelemente", "{D63F7E99-9A5A-4619-B818-BCCF185EE541}"
	ProjectSection(SolutionItems) = preProject
		.gitignore = .gitignore
		LICENSE = LICENSE
		README.md = README.md
	EndProjectSection
EndProject
Global
	GlobalSection(SolutionConfigurationPlatforms) = preSolution
		Debug|Any CPU = Debug|Any CPU
		Release|Any CPU = Release|Any CPU
	EndGlobalSection
	GlobalSection(ProjectConfigurationPlatforms) = postSolution
		{5DBC2C87-4673-4E40-AD3C-25C00805C6F6}.Debug|Any CPU.ActiveCfg = Debug|Any CPU
		{5DBC2C87-4673-4E40-AD3C-25C00805C6F6}.Debug|Any CPU.Build.0 = Debug|Any CPU
		{5DBC2C87-4673-4E40-AD3C-25C00805C6F6}.Debug|Any CPU.Deploy.0 = Debug|Any CPU
		{5DBC2C87-4673-4E40-AD3C-25C00805C6F6}.Release|Any CPU.ActiveCfg = Release|Any CPU
		{5DBC2C87-4673-4E40-AD3C-25C00805C6F6}.Release|Any CPU.Build.0 = Release|Any CPU
		{5DBC2C87-4673-4E40-AD3C-25C00805C6F6}.Release|Any CPU.Deploy.0 = Release|Any CPU
	EndGlobalSection
	GlobalSection(SolutionProperties) = preSolution
		HideSolutionNode = FALSE
	EndGlobalSection
	GlobalSection(ExtensibilityGlobals) = postSolution
		SolutionGuid = {C2A285B2-454E-4ADD-9667-BD8DD2C2F1C2}
	EndGlobalSection
EndGlobal
